// !$*UTF8*$!
{
	archiveVersion = 1;
	classes = {
	};
	objectVersion = 46;
	objects = {

/* Begin PBXBuildFile section */
		885962851B13818200A32899 /* AppDelegate.swift in Sources */ = {isa = PBXBuildFile; fileRef = 885962841B13818200A32899 /* AppDelegate.swift */; };
		885962871B13818200A32899 /* ViewController.swift in Sources */ = {isa = PBXBuildFile; fileRef = 885962861B13818200A32899 /* ViewController.swift */; };
		8859628A1B13818200A32899 /* Main.storyboard in Resources */ = {isa = PBXBuildFile; fileRef = 885962881B13818200A32899 /* Main.storyboard */; };
		8859628C1B13818200A32899 /* Images.xcassets in Resources */ = {isa = PBXBuildFile; fileRef = 8859628B1B13818200A32899 /* Images.xcassets */; };
		8859628F1B13818200A32899 /* LaunchScreen.xib in Resources */ = {isa = PBXBuildFile; fileRef = 8859628D1B13818200A32899 /* LaunchScreen.xib */; };
		8859629B1B13818200A32899 /* PaddleBallTests.swift in Sources */ = {isa = PBXBuildFile; fileRef = 8859629A1B13818200A32899 /* PaddleBallTests.swift */; };
/* End PBXBuildFile section */

/* Begin PBXContainerItemProxy section */
		885962951B13818200A32899 /* PBXContainerItemProxy */ = {
			isa = PBXContainerItemProxy;
			containerPortal = 885962771B13818200A32899 /* Project object */;
			proxyType = 1;
			remoteGlobalIDString = 8859627E1B13818200A32899;
			remoteInfo = PaddleBall;
		};
/* End PBXContainerItemProxy section */

/* Begin PBXFileReference section */
		8859627F1B13818200A32899 /* PaddleBall.app */ = {isa = PBXFileReference; explicitFileType = wrapper.application; includeInIndex = 0; path = PaddleBall.app; sourceTree = BUILT_PRODUCTS_DIR; };
		885962831B13818200A32899 /* Info.plist */ = {isa = PBXFileReference; lastKnownFileType = text.plist.xml; path = Info.plist; sourceTree = "<group>"; };
		885962841B13818200A32899 /* AppDelegate.swift */ = {isa = PBXFileReference; lastKnownFileType = sourcecode.swift; path = AppDelegate.swift; sourceTree = "<group>"; };
		885962861B13818200A32899 /* ViewController.swift */ = {isa = PBXFileReference; lastKnownFileType = sourcecode.swift; path = ViewController.swift; sourceTree = "<group>"; };
		885962891B13818200A32899 /* Base */ = {isa = PBXFileReference; lastKnownFileType = file.storyboard; name = Base; path = Base.lproj/Main.storyboard; sourceTree = "<group>"; };
		8859628B1B13818200A32899 /* Images.xcassets */ = {isa = PBXFileReference; lastKnownFileType = folder.assetcatalog; path = Images.xcassets; sourceTree = "<group>"; };
		8859628E1B13818200A32899 /* Base */ = {isa = PBXFileReference; lastKnownFileType = file.xib; name = Base; path = Base.lproj/LaunchScreen.xib; sourceTree = "<group>"; };
		885962941B13818200A32899 /* PaddleBallTests.xctest */ = {isa = PBXFileReference; explicitFileType = wrapper.cfbundle; includeInIndex = 0; path = PaddleBallTests.xctest; sourceTree = BUILT_PRODUCTS_DIR; };
		885962991B13818200A32899 /* Info.plist */ = {isa = PBXFileReference; lastKnownFileType = text.plist.xml; path = Info.plist; sourceTree = "<group>"; };
		8859629A1B13818200A32899 /* PaddleBallTests.swift */ = {isa = PBXFileReference; lastKnownFileType = sourcecode.swift; path = PaddleBallTests.swift; sourceTree = "<group>"; };
/* End PBXFileReference section */

/* Begin PBXFrameworksBuildPhase section */
		8859627C1B13818200A32899 /* Frameworks */ = {
			isa = PBXFrameworksBuildPhase;
			buildActionMask = 2147483647;
			files = (
			);
			runOnlyForDeploymentPostprocessing = 0;
		};
		885962911B13818200A32899 /* Frameworks */ = {
			isa = PBXFrameworksBuildPhase;
			buildActionMask = 2147483647;
			files = (
			);
			runOnlyForDeploymentPostprocessing = 0;
		};
/* End PBXFrameworksBuildPhase section */

/* Begin PBXGroup section */
		885962761B13818200A32899 = {
			isa = PBXGroup;
			children = (
				885962811B13818200A32899 /* PaddleBall */,
				885962971B13818200A32899 /* PaddleBallTests */,
				885962801B13818200A32899 /* Products */,
			);
			sourceTree = "<group>";
		};
		885962801B13818200A32899 /* Products */ = {
			isa = PBXGroup;
			children = (
				8859627F1B13818200A32899 /* PaddleBall.app */,
				885962941B13818200A32899 /* PaddleBallTests.xctest */,
			);
			name = Products;
			sourceTree = "<group>";
		};
		885962811B13818200A32899 /* PaddleBall */ = {
			isa = PBXGroup;
			children = (
				885962841B13818200A32899 /* AppDelegate.swift */,
				885962861B13818200A32899 /* ViewController.swift */,
				885962881B13818200A32899 /* Main.storyboard */,
				8859628B1B13818200A32899 /* Images.xcassets */,
				8859628D1B13818200A32899 /* LaunchScreen.xib */,
				885962821B13818200A32899 /* Supporting Files */,
			);
			path = PaddleBall;
			sourceTree = "<group>";
		};
		885962821B13818200A32899 /* Supporting Files */ = {
			isa = PBXGroup;
			children = (
				885962831B13818200A32899 /* Info.plist */,
			);
			name = "Supporting Files";
			sourceTree = "<group>";
		};
		885962971B13818200A32899 /* PaddleBallTests */ = {
			isa = PBXGroup;
			children = (
				8859629A1B13818200A32899 /* PaddleBallTests.swift */,
				885962981B13818200A32899 /* Supporting Files */,
			);
			path = PaddleBallTests;
			sourceTree = "<group>";
		};
		885962981B13818200A32899 /* Supporting Files */ = {
			isa = PBXGroup;
			children = (
				885962991B13818200A32899 /* Info.plist */,
			);
			name = "Supporting Files";
			sourceTree = "<group>";
		};
/* End PBXGroup section */

/* Begin PBXNativeTarget section */
		8859627E1B13818200A32899 /* PaddleBall */ = {
			isa = PBXNativeTarget;
			buildConfigurationList = 8859629E1B13818200A32899 /* Build configuration list for PBXNativeTarget "PaddleBall" */;
			buildPhases = (
				8859627B1B13818200A32899 /* Sources */,
				8859627C1B13818200A32899 /* Frameworks */,
				8859627D1B13818200A32899 /* Resources */,
			);
			buildRules = (
			);
			dependencies = (
			);
			name = PaddleBall;
			productName = PaddleBall;
			productReference = 8859627F1B13818200A32899 /* PaddleBall.app */;
			productType = "com.apple.product-type.application";
		};
		885962931B13818200A32899 /* PaddleBallTests */ = {
			isa = PBXNativeTarget;
			buildConfigurationList = 885962A11B13818200A32899 /* Build configuration list for PBXNativeTarget "PaddleBallTests" */;
			buildPhases = (
				885962901B13818200A32899 /* Sources */,
				885962911B13818200A32899 /* Frameworks */,
				885962921B13818200A32899 /* Resources */,
			);
			buildRules = (
			);
			dependencies = (
				885962961B13818200A32899 /* PBXTargetDependency */,
			);
			name = PaddleBallTests;
			productName = PaddleBallTests;
			productReference = 885962941B13818200A32899 /* PaddleBallTests.xctest */;
			productType = "com.apple.product-type.bundle.unit-test";
		};
/* End PBXNativeTarget section */

/* Begin PBXProject section */
		885962771B13818200A32899 /* Project object */ = {
			isa = PBXProject;
			attributes = {
				LastUpgradeCheck = 0630;
				ORGANIZATIONNAME = "Garth MacKenzie";
				TargetAttributes = {
					8859627E1B13818200A32899 = {
						CreatedOnToolsVersion = 6.3.2;
					};
					885962931B13818200A32899 = {
						CreatedOnToolsVersion = 6.3.2;
						TestTargetID = 8859627E1B13818200A32899;
					};
				};
			};
			buildConfigurationList = 8859627A1B13818200A32899 /* Build configuration list for PBXProject "PaddleBall" */;
			compatibilityVersion = "Xcode 3.2";
			developmentRegion = English;
			hasScannedForEncodings = 0;
			knownRegions = (
				en,
				Base,
			);
			mainGroup = 885962761B13818200A32899;
			productRefGroup = 885962801B13818200A32899 /* Products */;
			projectDirPath = "";
			projectRoot = "";
			targets = (
				8859627E1B13818200A32899 /* PaddleBall */,
				885962931B13818200A32899 /* PaddleBallTests */,
			);
		};
/* End PBXProject section */

/* Begin PBXResourcesBuildPhase section */
		8859627D1B13818200A32899 /* Resources */ = {
			isa = PBXResourcesBuildPhase;
			buildActionMask = 2147483647;
			files = (
				8859628A1B13818200A32899 /* Main.storyboard in Resources */,
				8859628F1B13818200A32899 /* LaunchScreen.xib in Resources */,
				8859628C1B13818200A32899 /* Images.xcassets in Resources */,
			);
			runOnlyForDeploymentPostprocessing = 0;
		};
		885962921B13818200A32899 /* Resources */ = {
			isa = PBXResourcesBuildPhase;
			buildActionMask = 2147483647;
			files = (
			);
			runOnlyForDeploymentPostprocessing = 0;
		};
/* End PBXResourcesBuildPhase section */

/* Begin PBXSourcesBuildPhase section */
		8859627B1B13818200A32899 /* Sources */ = {
			isa = PBXSourcesBuildPhase;
			buildActionMask = 2147483647;
			files = (
				885962871B13818200A32899 /* ViewController.swift in Sources */,
				885962851B13818200A32899 /* AppDelegate.swift in Sources */,
			);
			runOnlyForDeploymentPostprocessing = 0;
		};
		885962901B13818200A32899 /* Sources */ = {
			isa = PBXSourcesBuildPhase;
			buildActionMask = 2147483647;
			files = (
				8859629B1B13818200A32899 /* PaddleBallTests.swift in Sources */,
			);
			runOnlyForDeploymentPostprocessing = 0;
		};
/* End PBXSourcesBuildPhase section */

/* Begin PBXTargetDependency section */
		885962961B13818200A32899 /* PBXTargetDependency */ = {
			isa = PBXTargetDependency;
			target = 8859627E1B13818200A32899 /* PaddleBall */;
			targetProxy = 885962951B13818200A32899 /* PBXContainerItemProxy */;
		};
/* End PBXTargetDependency section */

/* Begin PBXVariantGroup section */
		885962881B13818200A32899 /* Main.storyboard */ = {
			isa = PBXVariantGroup;
			children = (
				885962891B13818200A32899 /* Base */,
			);
			name = Main.storyboard;
			sourceTree = "<group>";
		};
		8859628D1B13818200A32899 /* LaunchScreen.xib */ = {
			isa = PBXVariantGroup;
			children = (
				8859628E1B13818200A32899 /* Base */,
			);
			name = LaunchScreen.xib;
			sourceTree = "<group>";
		};
/* End PBXVariantGroup section */

/* Begin XCBuildConfiguration section */
		8859629C1B13818200A32899 /* Debug */ = {
			isa = XCBuildConfiguration;
			buildSettings = {
				ALWAYS_SEARCH_USER_PATHS = NO;
				CLANG_CXX_LANGUAGE_STANDARD = "gnu++0x";
				CLANG_CXX_LIBRARY = "libc++";
				CLANG_ENABLE_MODULES = YES;
				CLANG_ENABLE_OBJC_ARC = YES;
				CLANG_WARN_BOOL_CONVERSION = YES;
				CLANG_WARN_CONSTANT_CONVERSION = YES;
				CLANG_WARN_DIRECT_OBJC_ISA_USAGE = YES_ERROR;
				CLANG_WARN_EMPTY_BODY = YES;
				CLANG_WARN_ENUM_CONVERSION = YES;
				CLANG_WARN_INT_CONVERSION = YES;
				CLANG_WARN_OBJC_ROOT_CLASS = YES_ERROR;
				CLANG_WARN_UNREACHABLE_CODE = YES;
				CLANG_WARN__DUPLICATE_METHOD_MATCH = YES;
				"CODE_SIGN_IDENTITY[sdk=iphoneos*]" = "iPhone Developer";
				COPY_PHASE_STRIP = NO;
				DEBUG_INFORMATION_FORMAT = "dwarf-with-dsym";
				ENABLE_STRICT_OBJC_MSGSEND = YES;
				GCC_C_LANGUAGE_STANDARD = gnu99;
				GCC_DYNAMIC_NO_PIC = NO;
				GCC_NO_COMMON_BLOCKS = YES;
				GCC_OPTIMIZATION_LEVEL = 0;
				GCC_PREPROCESSOR_DEFINITIONS = (
					"DEBUG=1",
					"$(inherited)",
				);
				GCC_SYMBOLS_PRIVATE_EXTERN = NO;
				GCC_WARN_64_TO_32_BIT_CONVERSION = YES;
				GCC_WARN_ABOUT_RETURN_TYPE = YES_ERROR;
				GCC_WARN_UNDECLARED_SELECTOR = YES;
				GCC_WARN_UNINITIALIZED_AUTOS = YES_AGGRESSIVE;
				GCC_WARN_UNUSED_FUNCTION = YES;
				GCC_WARN_UNUSED_VARIABLE = YES;
				IPHONEOS_DEPLOYMENT_TARGET = 8.3;
				MTL_ENABLE_DEBUG_INFO = YES;
				ONLY_ACTIVE_ARCH = YES;
				SDKROOT = iphoneos;
				SWIFT_OPTIMIZATION_LEVEL = "-Onone";
				TARGETED_DEVICE_FAMILY = "1,2";
			};
			name = Debug;
		};
		8859629D1B13818200A32899 /* Release */ = {
			isa = XCBuildConfiguration;
			buildSettings = {
				ALWAYS_SEARCH_USER_PATHS = NO;
				CLANG_CXX_LANGUAGE_STANDARD = "gnu++0x";
				CLANG_CXX_LIBRARY = "libc++";
				CLANG_ENABLE_MODULES = YES;
				CLANG_ENABLE_OBJC_ARC = YES;
				CLANG_WARN_BOOL_CONVERSION = YES;
				CLANG_WARN_CONSTANT_CONVERSION = YES;
				CLANG_WARN_DIRECT_OBJC_ISA_USAGE = YES_ERROR;
				CLANG_WARN_EMPTY_BODY = YES;
				CLANG_WARN_ENUM_CONVERSION = YES;
				CLANG_WARN_INT_CONVERSION = YES;
				CLANG_WARN_OBJC_ROOT_CLASS = YES_ERROR;
				CLANG_WARN_UNREACHABLE_CODE = YES;
				CLANG_WARN__DUPLICATE_METHOD_MATCH = YES;
				"CODE_SIGN_IDENTITY[sdk=iphoneos*]" = "iPhone Developer";
				COPY_PHASE_STRIP = NO;
				DEBUG_INFORMATION_FORMAT = "dwarf-with-dsym";
				ENABLE_NS_ASSERTIONS = NO;
				ENABLE_STRICT_OBJC_MSGSEND = YES;
				GCC_C_LANGUAGE_STANDARD = gnu99;
				GCC_NO_COMMON_BLOCKS = YES;
				GCC_WARN_64_TO_32_BIT_CONVERSION = YES;
				GCC_WARN_ABOUT_RETURN_TYPE = YES_ERROR;
				GCC_WARN_UNDECLARED_SELECTOR = YES;
				GCC_WARN_UNINITIALIZED_AUTOS = YES_AGGRESSIVE;
				GCC_WARN_UNUSED_FUNCTION = YES;
				GCC_WARN_UNUSED_VARIABLE = YES;
				IPHONEOS_DEPLOYMENT_TARGET = 8.3;
				MTL_ENABLE_DEBUG_INFO = NO;
				SDKROOT = iphoneos;
				TARGETED_DEVICE_FAMILY = "1,2";
				VALIDATE_PRODUCT = YES;
			};
			name = Release;
		};
		8859629F1B13818200A32899 /* Debug */ = {
			isa = XCBuildConfiguration;
			buildSettings = {
				ASSETCATALOG_COMPILER_APPICON_NAME = AppIcon;
				INFOPLIST_FILE = PaddleBall/Info.plist;
				LD_RUNPATH_SEARCH_PATHS = "$(inherited) @executable_path/Frameworks";
				PRODUCT_NAME = "$(TARGET_NAME)";
			};
			name = Debug;
		};
		885962A01B13818200A32899 /* Release */ = {
			isa = XCBuildConfiguration;
			buildSettings = {
				ASSETCATALOG_COMPILER_APPICON_NAME = AppIcon;
				INFOPLIST_FILE = PaddleBall/Info.plist;
				LD_RUNPATH_SEARCH_PATHS = "$(inherited) @executable_path/Frameworks";
				PRODUCT_NAME = "$(TARGET_NAME)";
			};
			name = Release;
		};
		885962A21B13818200A32899 /* Debug */ = {
			isa = XCBuildConfiguration;
			buildSettings = {
				BUNDLE_LOADER = "$(TEST_HOST)";
				FRAMEWORK_SEARCH_PATHS = (
					"$(SDKROOT)/Developer/Library/Frameworks",
					"$(inherited)",
				);
				GCC_PREPROCESSOR_DEFINITIONS = (
					"DEBUG=1",
					"$(inherited)",
				);
				INFOPLIST_FILE = PaddleBallTests/Info.plist;
				LD_RUNPATH_SEARCH_PATHS = "$(inherited) @executable_path/Frameworks @loader_path/Frameworks";
				PRODUCT_NAME = "$(TARGET_NAME)";
				TEST_HOST = "$(BUILT_PRODUCTS_DIR)/PaddleBall.app/PaddleBall";
			};
			name = Debug;
		};
		885962A31B13818200A32899 /* Release */ = {
			isa = XCBuildConfiguration;
			buildSettings = {
				BUNDLE_LOADER = "$(TEST_HOST)";
				FRAMEWORK_SEARCH_PATHS = (
					"$(SDKROOT)/Developer/Library/Frameworks",
					"$(inherited)",
				);
				INFOPLIST_FILE = PaddleBallTests/Info.plist;
				LD_RUNPATH_SEARCH_PATHS = "$(inherited) @executable_path/Frameworks @loader_path/Frameworks";
				PRODUCT_NAME = "$(TARGET_NAME)";
				TEST_HOST = "$(BUILT_PRODUCTS_DIR)/PaddleBall.app/PaddleBall";
			};
			name = Release;
		};
/* End XCBuildConfiguration section */

/* Begin XCConfigurationList section */
		8859627A1B13818200A32899 /* Build configuration list for PBXProject "PaddleBall" */ = {
			isa = XCConfigurationList;
			buildConfigurations = (
				8859629C1B13818200A32899 /* Debug */,
				8859629D1B13818200A32899 /* Release */,
			);
			defaultConfigurationIsVisible = 0;
			defaultConfigurationName = Release;
		};
		8859629E1B13818200A32899 /* Build configuration list for PBXNativeTarget "PaddleBall" */ = {
			isa = XCConfigurationList;
			buildConfigurations = (
				8859629F1B13818200A32899 /* Debug */,
				885962A01B13818200A32899 /* Release */,
			);
			defaultConfigurationIsVisible = 0;
		};
		885962A11B13818200A32899 /* Build configuration list for PBXNativeTarget "PaddleBallTests" */ = {
			isa = XCConfigurationList;
			buildConfigurations = (
				885962A21B13818200A32899 /* Debug */,
				885962A31B13818200A32899 /* Release */,
			);
			defaultConfigurationIsVisible = 0;
		};
/* End XCConfigurationList section */
	};
	rootObject = 885962771B13818200A32899 /* Project object */;
}
